// !$*UTF8*$!
{
	archiveVersion = 1;
	classes = {
	};
	objectVersion = 56;
	objects = {

/* Begin PBXBuildFile section */
		BC0A8F982BA346AF00705E5D /* AstronautView.swift in Sources */ = {isa = PBXBuildFile; fileRef = BC0A8F972BA346AF00705E5D /* AstronautView.swift */; };
		BC0B27442B9F512900701DB3 /* Mission.swift in Sources */ = {isa = PBXBuildFile; fileRef = BC0B27432B9F512900701DB3 /* Mission.swift */; };
		BC0C16FA2BA73FEF00F7AC47 /* ListView.swift in Sources */ = {isa = PBXBuildFile; fileRef = BC0C16F92BA73FEF00F7AC47 /* ListView.swift */; };
		BC0C16FC2BA74C8000F7AC47 /* GridView.swift in Sources */ = {isa = PBXBuildFile; fileRef = BC0C16FB2BA74C7F00F7AC47 /* GridView.swift */; };
		BC53B99B2B9DF3D30066C52B /* MoonShotApp.swift in Sources */ = {isa = PBXBuildFile; fileRef = BC53B99A2B9DF3D30066C52B /* MoonShotApp.swift */; };
		BC53B99D2B9DF3D30066C52B /* ContentView.swift in Sources */ = {isa = PBXBuildFile; fileRef = BC53B99C2B9DF3D30066C52B /* ContentView.swift */; };
		BC53B99F2B9DF3D50066C52B /* Assets.xcassets in Resources */ = {isa = PBXBuildFile; fileRef = BC53B99E2B9DF3D50066C52B /* Assets.xcassets */; };
		BC53B9A22B9DF3D50066C52B /* Preview Assets.xcassets in Resources */ = {isa = PBXBuildFile; fileRef = BC53B9A12B9DF3D50066C52B /* Preview Assets.xcassets */; };
		BC53B9AA2B9DF3F10066C52B /* missions.json in Resources */ = {isa = PBXBuildFile; fileRef = BC53B9A82B9DF3F10066C52B /* missions.json */; };
		BC53B9AB2B9DF3F10066C52B /* astronauts.json in Resources */ = {isa = PBXBuildFile; fileRef = BC53B9A92B9DF3F10066C52B /* astronauts.json */; };
		BC53B9AD2B9DF7950066C52B /* Astronaut.swift in Sources */ = {isa = PBXBuildFile; fileRef = BC53B9AC2B9DF7950066C52B /* Astronaut.swift */; };
		BC53B9AF2B9DF9AF0066C52B /* Bundle-Decodable.swift in Sources */ = {isa = PBXBuildFile; fileRef = BC53B9AE2B9DF9AF0066C52B /* Bundle-Decodable.swift */; };
		BC65DAF32BA1F417003EFCCC /* MissionView.swift in Sources */ = {isa = PBXBuildFile; fileRef = BC65DAF22BA1F417003EFCCC /* MissionView.swift */; };
		BCB7B2272BA0A41400940AD4 /* Color-Theme.swift in Sources */ = {isa = PBXBuildFile; fileRef = BCB7B2262BA0A41400940AD4 /* Color-Theme.swift */; };
/* End PBXBuildFile section */

/* Begin PBXFileReference section */
		BC0A8F972BA346AF00705E5D /* AstronautView.swift */ = {isa = PBXFileReference; lastKnownFileType = sourcecode.swift; path = AstronautView.swift; sourceTree = "<group>"; };
		BC0B27432B9F512900701DB3 /* Mission.swift */ = {isa = PBXFileReference; lastKnownFileType = sourcecode.swift; path = Mission.swift; sourceTree = "<group>"; };
		BC0C16F92BA73FEF00F7AC47 /* ListView.swift */ = {isa = PBXFileReference; lastKnownFileType = sourcecode.swift; path = ListView.swift; sourceTree = "<group>"; };
		BC0C16FB2BA74C7F00F7AC47 /* GridView.swift */ = {isa = PBXFileReference; lastKnownFileType = sourcecode.swift; path = GridView.swift; sourceTree = "<group>"; };
		BC53B9972B9DF3D30066C52B /* MoonShot.app */ = {isa = PBXFileReference; explicitFileType = wrapper.application; includeInIndex = 0; path = MoonShot.app; sourceTree = BUILT_PRODUCTS_DIR; };
		BC53B99A2B9DF3D30066C52B /* MoonShotApp.swift */ = {isa = PBXFileReference; lastKnownFileType = sourcecode.swift; path = MoonShotApp.swift; sourceTree = "<group>"; };
		BC53B99C2B9DF3D30066C52B /* ContentView.swift */ = {isa = PBXFileReference; lastKnownFileType = sourcecode.swift; path = ContentView.swift; sourceTree = "<group>"; };
		BC53B99E2B9DF3D50066C52B /* Assets.xcassets */ = {isa = PBXFileReference; lastKnownFileType = folder.assetcatalog; path = Assets.xcassets; sourceTree = "<group>"; };
		BC53B9A12B9DF3D50066C52B /* Preview Assets.xcassets */ = {isa = PBXFileReference; lastKnownFileType = folder.assetcatalog; path = "Preview Assets.xcassets"; sourceTree = "<group>"; };
		BC53B9A82B9DF3F10066C52B /* missions.json */ = {isa = PBXFileReference; fileEncoding = 4; lastKnownFileType = text.json; path = missions.json; sourceTree = "<group>"; };
		BC53B9A92B9DF3F10066C52B /* astronauts.json */ = {isa = PBXFileReference; fileEncoding = 4; lastKnownFileType = text.json; path = astronauts.json; sourceTree = "<group>"; };
		BC53B9AC2B9DF7950066C52B /* Astronaut.swift */ = {isa = PBXFileReference; lastKnownFileType = sourcecode.swift; path = Astronaut.swift; sourceTree = "<group>"; };
		BC53B9AE2B9DF9AF0066C52B /* Bundle-Decodable.swift */ = {isa = PBXFileReference; lastKnownFileType = sourcecode.swift; path = "Bundle-Decodable.swift"; sourceTree = "<group>"; };
		BC65DAF22BA1F417003EFCCC /* MissionView.swift */ = {isa = PBXFileReference; lastKnownFileType = sourcecode.swift; path = MissionView.swift; sourceTree = "<group>"; };
		BCB7B2262BA0A41400940AD4 /* Color-Theme.swift */ = {isa = PBXFileReference; lastKnownFileType = sourcecode.swift; path = "Color-Theme.swift"; sourceTree = "<group>"; };
/* End PBXFileReference section */

/* Begin PBXFrameworksBuildPhase section */
		BC53B9942B9DF3D30066C52B /* Frameworks */ = {
			isa = PBXFrameworksBuildPhase;
			buildActionMask = 2147483647;
			files = (
			);
			runOnlyForDeploymentPostprocessing = 0;
		};
/* End PBXFrameworksBuildPhase section */

/* Begin PBXGroup section */
		BC53B98E2B9DF3D30066C52B = {
			isa = PBXGroup;
			children = (
				BC0C16FB2BA74C7F00F7AC47 /* GridView.swift */,
				BC0A8F972BA346AF00705E5D /* AstronautView.swift */,
				BC53B9992B9DF3D30066C52B /* MoonShot */,
				BC53B9982B9DF3D30066C52B /* Products */,
			);
			sourceTree = "<group>";
		};
		BC53B9982B9DF3D30066C52B /* Products */ = {
			isa = PBXGroup;
			children = (
				BC53B9972B9DF3D30066C52B /* MoonShot.app */,
			);
			name = Products;
			sourceTree = "<group>";
		};
		BC53B9992B9DF3D30066C52B /* MoonShot */ = {
			isa = PBXGroup;
			children = (
				BC53B99A2B9DF3D30066C52B /* MoonShotApp.swift */,
				BC53B9A92B9DF3F10066C52B /* astronauts.json */,
				BC53B9AE2B9DF9AF0066C52B /* Bundle-Decodable.swift */,
				BC0B27432B9F512900701DB3 /* Mission.swift */,
				BC53B9AC2B9DF7950066C52B /* Astronaut.swift */,
				BC53B9A82B9DF3F10066C52B /* missions.json */,
				BC53B99C2B9DF3D30066C52B /* ContentView.swift */,
				BC65DAF22BA1F417003EFCCC /* MissionView.swift */,
				BC0C16F92BA73FEF00F7AC47 /* ListView.swift */,
				BCB7B2262BA0A41400940AD4 /* Color-Theme.swift */,
				BC53B99E2B9DF3D50066C52B /* Assets.xcassets */,
				BC53B9A02B9DF3D50066C52B /* Preview Content */,
			);
			path = MoonShot;
			sourceTree = "<group>";
		};
		BC53B9A02B9DF3D50066C52B /* Preview Content */ = {
			isa = PBXGroup;
			children = (
				BC53B9A12B9DF3D50066C52B /* Preview Assets.xcassets */,
			);
			path = "Preview Content";
			sourceTree = "<group>";
		};
/* End PBXGroup section */

/* Begin PBXNativeTarget section */
		BC53B9962B9DF3D30066C52B /* MoonShot */ = {
			isa = PBXNativeTarget;
			buildConfigurationList = BC53B9A52B9DF3D50066C52B /* Build configuration list for PBXNativeTarget "MoonShot" */;
			buildPhases = (
				BC53B9932B9DF3D30066C52B /* Sources */,
				BC53B9942B9DF3D30066C52B /* Frameworks */,
				BC53B9952B9DF3D30066C52B /* Resources */,
			);
			buildRules = (
			);
			dependencies = (
			);
			name = MoonShot;
			productName = MoonShot;
			productReference = BC53B9972B9DF3D30066C52B /* MoonShot.app */;
			productType = "com.apple.product-type.application";
		};
/* End PBXNativeTarget section */

/* Begin PBXProject section */
		BC53B98F2B9DF3D30066C52B /* Project object */ = {
			isa = PBXProject;
			attributes = {
				BuildIndependentTargetsInParallel = 1;
				LastSwiftUpdateCheck = 1530;
				LastUpgradeCheck = 1530;
				TargetAttributes = {
					BC53B9962B9DF3D30066C52B = {
						CreatedOnToolsVersion = 15.3;
					};
				};
			};
			buildConfigurationList = BC53B9922B9DF3D30066C52B /* Build configuration list for PBXProject "MoonShot" */;
			compatibilityVersion = "Xcode 14.0";
			developmentRegion = en;
			hasScannedForEncodings = 0;
			knownRegions = (
				en,
				Base,
			);
			mainGroup = BC53B98E2B9DF3D30066C52B;
			productRefGroup = BC53B9982B9DF3D30066C52B /* Products */;
			projectDirPath = "";
			projectRoot = "";
			targets = (
				BC53B9962B9DF3D30066C52B /* MoonShot */,
			);
		};
/* End PBXProject section */

/* Begin PBXResourcesBuildPhase section */
		BC53B9952B9DF3D30066C52B /* Resources */ = {
			isa = PBXResourcesBuildPhase;
			buildActionMask = 2147483647;
			files = (
				BC53B9A22B9DF3D50066C52B /* Preview Assets.xcassets in Resources */,
				BC53B9AA2B9DF3F10066C52B /* missions.json in Resources */,
				BC53B99F2B9DF3D50066C52B /* Assets.xcassets in Resources */,
				BC53B9AB2B9DF3F10066C52B /* astronauts.json in Resources */,
			);
			runOnlyForDeploymentPostprocessing = 0;
		};
/* End PBXResourcesBuildPhase section */

/* Begin PBXSourcesBuildPhase section */
		BC53B9932B9DF3D30066C52B /* Sources */ = {
			isa = PBXSourcesBuildPhase;
			buildActionMask = 2147483647;
			files = (
				BC65DAF32BA1F417003EFCCC /* MissionView.swift in Sources */,
				BC53B9AD2B9DF7950066C52B /* Astronaut.swift in Sources */,
				BC0A8F982BA346AF00705E5D /* AstronautView.swift in Sources */,
				BCB7B2272BA0A41400940AD4 /* Color-Theme.swift in Sources */,
				BC53B99D2B9DF3D30066C52B /* ContentView.swift in Sources */,
				BC53B99B2B9DF3D30066C52B /* MoonShotApp.swift in Sources */,
				BC0B27442B9F512900701DB3 /* Mission.swift in Sources */,
				BC53B9AF2B9DF9AF0066C52B /* Bundle-Decodable.swift in Sources */,
				BC0C16FC2BA74C8000F7AC47 /* GridView.swift in Sources */,
				BC0C16FA2BA73FEF00F7AC47 /* ListView.swift in Sources */,
			);
			runOnlyForDeploymentPostprocessing = 0;
		};
/* End PBXSourcesBuildPhase section */

/* Begin XCBuildConfiguration section */
		BC53B9A32B9DF3D50066C52B /* Debug */ = {
			isa = XCBuildConfiguration;
			buildSettings = {
				ALWAYS_SEARCH_USER_PATHS = NO;
				ASSETCATALOG_COMPILER_GENERATE_SWIFT_ASSET_SYMBOL_EXTENSIONS = YES;
				CLANG_ANALYZER_NONNULL = YES;
				CLANG_ANALYZER_NUMBER_OBJECT_CONVERSION = YES_AGGRESSIVE;
				CLANG_CXX_LANGUAGE_STANDARD = "gnu++20";
				CLANG_ENABLE_MODULES = YES;
				CLANG_ENABLE_OBJC_ARC = YES;
				CLANG_ENABLE_OBJC_WEAK = YES;
				CLANG_WARN_BLOCK_CAPTURE_AUTORELEASING = YES;
				CLANG_WARN_BOOL_CONVERSION = YES;
				CLANG_WARN_COMMA = YES;
				CLANG_WARN_CONSTANT_CONVERSION = YES;
				CLANG_WARN_DEPRECATED_OBJC_IMPLEMENTATIONS = YES;
				CLANG_WARN_DIRECT_OBJC_ISA_USAGE = YES_ERROR;
				CLANG_WARN_DOCUMENTATION_COMMENTS = YES;
				CLANG_WARN_EMPTY_BODY = YES;
				CLANG_WARN_ENUM_CONVERSION = YES;
				CLANG_WARN_INFINITE_RECURSION = YES;
				CLANG_WARN_INT_CONVERSION = YES;
				CLANG_WARN_NON_LITERAL_NULL_CONVERSION = YES;
				CLANG_WARN_OBJC_IMPLICIT_RETAIN_SELF = YES;
				CLANG_WARN_OBJC_LITERAL_CONVERSION = YES;
				CLANG_WARN_OBJC_ROOT_CLASS = YES_ERROR;
				CLANG_WARN_QUOTED_INCLUDE_IN_FRAMEWORK_HEADER = YES;
				CLANG_WARN_RANGE_LOOP_ANALYSIS = YES;
				CLANG_WARN_STRICT_PROTOTYPES = YES;
				CLANG_WARN_SUSPICIOUS_MOVE = YES;
				CLANG_WARN_UNGUARDED_AVAILABILITY = YES_AGGRESSIVE;
				CLANG_WARN_UNREACHABLE_CODE = YES;
				CLANG_WARN__DUPLICATE_METHOD_MATCH = YES;
				COPY_PHASE_STRIP = NO;
				DEBUG_INFORMATION_FORMAT = dwarf;
				ENABLE_STRICT_OBJC_MSGSEND = YES;
				ENABLE_TESTABILITY = YES;
				ENABLE_USER_SCRIPT_SANDBOXING = YES;
				GCC_C_LANGUAGE_STANDARD = gnu17;
				GCC_DYNAMIC_NO_PIC = NO;
				GCC_NO_COMMON_BLOCKS = YES;
				GCC_OPTIMIZATION_LEVEL = 0;
				GCC_PREPROCESSOR_DEFINITIONS = (
					"DEBUG=1",
					"$(inherited)",
				);
				GCC_WARN_64_TO_32_BIT_CONVERSION = YES;
				GCC_WARN_ABOUT_RETURN_TYPE = YES_ERROR;
				GCC_WARN_UNDECLARED_SELECTOR = YES;
				GCC_WARN_UNINITIALIZED_AUTOS = YES_AGGRESSIVE;
				GCC_WARN_UNUSED_FUNCTION = YES;
				GCC_WARN_UNUSED_VARIABLE = YES;
				IPHONEOS_DEPLOYMENT_TARGET = 17.4;
				LOCALIZATION_PREFERS_STRING_CATALOGS = YES;
				MTL_ENABLE_DEBUG_INFO = INCLUDE_SOURCE;
				MTL_FAST_MATH = YES;
				ONLY_ACTIVE_ARCH = YES;
				SDKROOT = iphoneos;
				SWIFT_ACTIVE_COMPILATION_CONDITIONS = "DEBUG $(inherited)";
				SWIFT_OPTIMIZATION_LEVEL = "-Onone";
			};
			name = Debug;
		};
		BC53B9A42B9DF3D50066C52B /* Release */ = {
			isa = XCBuildConfiguration;
			buildSettings = {
				ALWAYS_SEARCH_USER_PATHS = NO;
				ASSETCATALOG_COMPILER_GENERATE_SWIFT_ASSET_SYMBOL_EXTENSIONS = YES;
				CLANG_ANALYZER_NONNULL = YES;
				CLANG_ANALYZER_NUMBER_OBJECT_CONVERSION = YES_AGGRESSIVE;
				CLANG_CXX_LANGUAGE_STANDARD = "gnu++20";
				CLANG_ENABLE_MODULES = YES;
				CLANG_ENABLE_OBJC_ARC = YES;
				CLANG_ENABLE_OBJC_WEAK = YES;
				CLANG_WARN_BLOCK_CAPTURE_AUTORELEASING = YES;
				CLANG_WARN_BOOL_CONVERSION = YES;
				CLANG_WARN_COMMA = YES;
				CLANG_WARN_CONSTANT_CONVERSION = YES;
				CLANG_WARN_DEPRECATED_OBJC_IMPLEMENTATIONS = YES;
				CLANG_WARN_DIRECT_OBJC_ISA_USAGE = YES_ERROR;
				CLANG_WARN_DOCUMENTATION_COMMENTS = YES;
				CLANG_WARN_EMPTY_BODY = YES;
				CLANG_WARN_ENUM_CONVERSION = YES;
				CLANG_WARN_INFINITE_RECURSION = YES;
				CLANG_WARN_INT_CONVERSION = YES;
				CLANG_WARN_NON_LITERAL_NULL_CONVERSION = YES;
				CLANG_WARN_OBJC_IMPLICIT_RETAIN_SELF = YES;
				CLANG_WARN_OBJC_LITERAL_CONVERSION = YES;
				CLANG_WARN_OBJC_ROOT_CLASS = YES_ERROR;
				CLANG_WARN_QUOTED_INCLUDE_IN_FRAMEWORK_HEADER = YES;
				CLANG_WARN_RANGE_LOOP_ANALYSIS = YES;
				CLANG_WARN_STRICT_PROTOTYPES = YES;
				CLANG_WARN_SUSPICIOUS_MOVE = YES;
				CLANG_WARN_UNGUARDED_AVAILABILITY = YES_AGGRESSIVE;
				CLANG_WARN_UNREACHABLE_CODE = YES;
				CLANG_WARN__DUPLICATE_METHOD_MATCH = YES;
				COPY_PHASE_STRIP = NO;
				DEBUG_INFORMATION_FORMAT = "dwarf-with-dsym";
				ENABLE_NS_ASSERTIONS = NO;
				ENABLE_STRICT_OBJC_MSGSEND = YES;
				ENABLE_USER_SCRIPT_SANDBOXING = YES;
				GCC_C_LANGUAGE_STANDARD = gnu17;
				GCC_NO_COMMON_BLOCKS = YES;
				GCC_WARN_64_TO_32_BIT_CONVERSION = YES;
				GCC_WARN_ABOUT_RETURN_TYPE = YES_ERROR;
				GCC_WARN_UNDECLARED_SELECTOR = YES;
				GCC_WARN_UNINITIALIZED_AUTOS = YES_AGGRESSIVE;
				GCC_WARN_UNUSED_FUNCTION = YES;
				GCC_WARN_UNUSED_VARIABLE = YES;
				IPHONEOS_DEPLOYMENT_TARGET = 17.4;
				LOCALIZATION_PREFERS_STRING_CATALOGS = YES;
				MTL_ENABLE_DEBUG_INFO = NO;
				MTL_FAST_MATH = YES;
				SDKROOT = iphoneos;
				SWIFT_COMPILATION_MODE = wholemodule;
				VALIDATE_PRODUCT = YES;
			};
			name = Release;
		};
		BC53B9A62B9DF3D50066C52B /* Debug */ = {
			isa = XCBuildConfiguration;
			buildSettings = {
				ASSETCATALOG_COMPILER_APPICON_NAME = AppIcon;
				ASSETCATALOG_COMPILER_GLOBAL_ACCENT_COLOR_NAME = AccentColor;
				CODE_SIGN_STYLE = Automatic;
				CURRENT_PROJECT_VERSION = 1;
				DEVELOPMENT_ASSET_PATHS = "\"MoonShot/Preview Content\"";
				DEVELOPMENT_TEAM = 29C9BAU8B7;
				ENABLE_PREVIEWS = YES;
				GENERATE_INFOPLIST_FILE = YES;
				INFOPLIST_KEY_UIApplicationSceneManifest_Generation = YES;
				INFOPLIST_KEY_UIApplicationSupportsIndirectInputEvents = YES;
				INFOPLIST_KEY_UILaunchScreen_Generation = YES;
				INFOPLIST_KEY_UISupportedInterfaceOrientations_iPad = "UIInterfaceOrientationPortrait UIInterfaceOrientationPortraitUpsideDown UIInterfaceOrientationLandscapeLeft UIInterfaceOrientationLandscapeRight";
				INFOPLIST_KEY_UISupportedInterfaceOrientations_iPhone = "UIInterfaceOrientationPortrait UIInterfaceOrientationLandscapeLeft UIInterfaceOrientationLandscapeRight";
				LD_RUNPATH_SEARCH_PATHS = (
					"$(inherited)",
					"@executable_path/Frameworks",
				);
				MARKETING_VERSION = 1.0;
				PRODUCT_BUNDLE_IDENTIFIER = Sample.MoonShot;
				PRODUCT_NAME = "$(TARGET_NAME)";
				SWIFT_EMIT_LOC_STRINGS = YES;
				SWIFT_VERSION = 5.0;
				TARGETED_DEVICE_FAMILY = "1,2";
			};
			name = Debug;
		};
		BC53B9A72B9DF3D50066C52B /* Release */ = {
			isa = XCBuildConfiguration;
			buildSettings = {
				ASSETCATALOG_COMPILER_APPICON_NAME = AppIcon;
				ASSETCATALOG_COMPILER_GLOBAL_ACCENT_COLOR_NAME = AccentColor;
				CODE_SIGN_STYLE = Automatic;
				CURRENT_PROJECT_VERSION = 1;
				DEVELOPMENT_ASSET_PATHS = "\"MoonShot/Preview Content\"";
				DEVELOPMENT_TEAM = 29C9BAU8B7;
				ENABLE_PREVIEWS = YES;
				GENERATE_INFOPLIST_FILE = YES;
				INFOPLIST_KEY_UIApplicationSceneManifest_Generation = YES;
				INFOPLIST_KEY_UIApplicationSupportsIndirectInputEvents = YES;
				INFOPLIST_KEY_UILaunchScreen_Generation = YES;
				INFOPLIST_KEY_UISupportedInterfaceOrientations_iPad = "UIInterfaceOrientationPortrait UIInterfaceOrientationPortraitUpsideDown UIInterfaceOrientationLandscapeLeft UIInterfaceOrientationLandscapeRight";
				INFOPLIST_KEY_UISupportedInterfaceOrientations_iPhone = "UIInterfaceOrientationPortrait UIInterfaceOrientationLandscapeLeft UIInterfaceOrientationLandscapeRight";
				LD_RUNPATH_SEARCH_PATHS = (
					"$(inherited)",
					"@executable_path/Frameworks",
				);
				MARKETING_VERSION = 1.0;
				PRODUCT_BUNDLE_IDENTIFIER = Sample.MoonShot;
				PRODUCT_NAME = "$(TARGET_NAME)";
				SWIFT_EMIT_LOC_STRINGS = YES;
				SWIFT_VERSION = 5.0;
				TARGETED_DEVICE_FAMILY = "1,2";
			};
			name = Release;
		};
/* End XCBuildConfiguration section */

/* Begin XCConfigurationList section */
		BC53B9922B9DF3D30066C52B /* Build configuration list for PBXProject "MoonShot" */ = {
			isa = XCConfigurationList;
			buildConfigurations = (
				BC53B9A32B9DF3D50066C52B /* Debug */,
				BC53B9A42B9DF3D50066C52B /* Release */,
			);
			defaultConfigurationIsVisible = 0;
			defaultConfigurationName = Release;
		};
		BC53B9A52B9DF3D50066C52B /* Build configuration list for PBXNativeTarget "MoonShot" */ = {
			isa = XCConfigurationList;
			buildConfigurations = (
				BC53B9A62B9DF3D50066C52B /* Debug */,
				BC53B9A72B9DF3D50066C52B /* Release */,
			);
			defaultConfigurationIsVisible = 0;
			defaultConfigurationName = Release;
		};
/* End XCConfigurationList section */
	};
	rootObject = BC53B98F2B9DF3D30066C52B /* Project object */;
}
